// !$*UTF8*$!
{
	archiveVersion = 1;
	classes = {
	};
	objectVersion = 48;
	objects = {

/* Begin PBXBuildFile section */
		432013D21FDE24AE00217022 /* AppDelegate.swift in Sources */ = {isa = PBXBuildFile; fileRef = 432013D11FDE24AE00217022 /* AppDelegate.swift */; };
		432013D41FDE24AE00217022 /* ViewController.swift in Sources */ = {isa = PBXBuildFile; fileRef = 432013D31FDE24AE00217022 /* ViewController.swift */; };
		432013D71FDE24AE00217022 /* Main.storyboard in Resources */ = {isa = PBXBuildFile; fileRef = 432013D51FDE24AE00217022 /* Main.storyboard */; };
		432013D91FDE24AE00217022 /* Assets.xcassets in Resources */ = {isa = PBXBuildFile; fileRef = 432013D81FDE24AE00217022 /* Assets.xcassets */; };
		432013DC1FDE24AE00217022 /* LaunchScreen.storyboard in Resources */ = {isa = PBXBuildFile; fileRef = 432013DA1FDE24AE00217022 /* LaunchScreen.storyboard */; };
		432013E61FDE292300217022 /* SwitchStatus.swift in Sources */ = {isa = PBXBuildFile; fileRef = 432013E51FDE292300217022 /* SwitchStatus.swift */; };
		432013E81FDE2A2D00217022 /* Toggleable.swift in Sources */ = {isa = PBXBuildFile; fileRef = 432013E71FDE2A2D00217022 /* Toggleable.swift */; };
/* End PBXBuildFile section */

/* Begin PBXFileReference section */
		432013CE1FDE24AE00217022 /* Lighthouse.app */ = {isa = PBXFileReference; explicitFileType = wrapper.application; includeInIndex = 0; path = Lighthouse.app; sourceTree = BUILT_PRODUCTS_DIR; };
		432013D11FDE24AE00217022 /* AppDelegate.swift */ = {isa = PBXFileReference; lastKnownFileType = sourcecode.swift; path = AppDelegate.swift; sourceTree = "<group>"; };
		432013D31FDE24AE00217022 /* ViewController.swift */ = {isa = PBXFileReference; lastKnownFileType = sourcecode.swift; path = ViewController.swift; sourceTree = "<group>"; };
		432013D61FDE24AE00217022 /* Base */ = {isa = PBXFileReference; lastKnownFileType = file.storyboard; name = Base; path = Base.lproj/Main.storyboard; sourceTree = "<group>"; };
		432013D81FDE24AE00217022 /* Assets.xcassets */ = {isa = PBXFileReference; lastKnownFileType = folder.assetcatalog; path = Assets.xcassets; sourceTree = "<group>"; };
		432013DB1FDE24AE00217022 /* Base */ = {isa = PBXFileReference; lastKnownFileType = file.storyboard; name = Base; path = Base.lproj/LaunchScreen.storyboard; sourceTree = "<group>"; };
		432013DD1FDE24AE00217022 /* Info.plist */ = {isa = PBXFileReference; lastKnownFileType = text.plist.xml; path = Info.plist; sourceTree = "<group>"; };
		432013E51FDE292300217022 /* SwitchStatus.swift */ = {isa = PBXFileReference; lastKnownFileType = sourcecode.swift; path = SwitchStatus.swift; sourceTree = "<group>"; };
		432013E71FDE2A2D00217022 /* Toggleable.swift */ = {isa = PBXFileReference; lastKnownFileType = sourcecode.swift; path = Toggleable.swift; sourceTree = "<group>"; };
/* End PBXFileReference section */

/* Begin PBXFrameworksBuildPhase section */
		432013CB1FDE24AE00217022 /* Frameworks */ = {
			isa = PBXFrameworksBuildPhase;
			buildActionMask = 2147483647;
			files = (
			);
			runOnlyForDeploymentPostprocessing = 0;
		};
/* End PBXFrameworksBuildPhase section */

/* Begin PBXGroup section */
		432013C51FDE24AE00217022 = {
			isa = PBXGroup;
			children = (
				432013D01FDE24AE00217022 /* Lighthouse */,
				432013CF1FDE24AE00217022 /* Products */,
			);
			sourceTree = "<group>";
		};
		432013CF1FDE24AE00217022 /* Products */ = {
			isa = PBXGroup;
			children = (
				432013CE1FDE24AE00217022 /* Lighthouse.app */,
			);
			name = Products;
			sourceTree = "<group>";
		};
		432013D01FDE24AE00217022 /* Lighthouse */ = {
			isa = PBXGroup;
			children = (
				432013E41FDE28F700217022 /* Enums */,
				432013E31FDE28EE00217022 /* Protocols */,
				432013D11FDE24AE00217022 /* AppDelegate.swift */,
				432013D31FDE24AE00217022 /* ViewController.swift */,
				432013D51FDE24AE00217022 /* Main.storyboard */,
				432013D81FDE24AE00217022 /* Assets.xcassets */,
				432013DA1FDE24AE00217022 /* LaunchScreen.storyboard */,
				432013DD1FDE24AE00217022 /* Info.plist */,
			);
			path = Lighthouse;
			sourceTree = "<group>";
		};
		432013E31FDE28EE00217022 /* Protocols */ = {
			isa = PBXGroup;
			children = (
				432013E71FDE2A2D00217022 /* Toggleable.swift */,
			);
			path = Protocols;
			sourceTree = "<group>";
		};
		432013E41FDE28F700217022 /* Enums */ = {
			isa = PBXGroup;
			children = (
				432013E51FDE292300217022 /* SwitchStatus.swift */,
			);
			path = Enums;
			sourceTree = "<group>";
		};
/* End PBXGroup section */

/* Begin PBXNativeTarget section */
		432013CD1FDE24AE00217022 /* Lighthouse */ = {
			isa = PBXNativeTarget;
			buildConfigurationList = 432013E01FDE24AE00217022 /* Build configuration list for PBXNativeTarget "Lighthouse" */;
			buildPhases = (
				432013CA1FDE24AE00217022 /* Sources */,
				432013CB1FDE24AE00217022 /* Frameworks */,
				432013CC1FDE24AE00217022 /* Resources */,
			);
			buildRules = (
			);
			dependencies = (
			);
			name = Lighthouse;
			productName = Lighthouse;
			productReference = 432013CE1FDE24AE00217022 /* Lighthouse.app */;
			productType = "com.apple.product-type.application";
		};
/* End PBXNativeTarget section */

/* Begin PBXProject section */
		432013C61FDE24AE00217022 /* Project object */ = {
			isa = PBXProject;
			attributes = {
				LastSwiftUpdateCheck = 0920;
				LastUpgradeCheck = 0920;
				ORGANIZATIONNAME = "Appybuildmore Apps";
				TargetAttributes = {
					432013CD1FDE24AE00217022 = {
						CreatedOnToolsVersion = 9.2;
						ProvisioningStyle = Automatic;
					};
				};
			};
			buildConfigurationList = 432013C91FDE24AE00217022 /* Build configuration list for PBXProject "Lighthouse" */;
			compatibilityVersion = "Xcode 8.0";
			developmentRegion = en;
			hasScannedForEncodings = 0;
			knownRegions = (
				en,
				Base,
			);
			mainGroup = 432013C51FDE24AE00217022;
			productRefGroup = 432013CF1FDE24AE00217022 /* Products */;
			projectDirPath = "";
			projectRoot = "";
			targets = (
				432013CD1FDE24AE00217022 /* Lighthouse */,
			);
		};
/* End PBXProject section */

/* Begin PBXResourcesBuildPhase section */
		432013CC1FDE24AE00217022 /* Resources */ = {
			isa = PBXResourcesBuildPhase;
			buildActionMask = 2147483647;
			files = (
				432013DC1FDE24AE00217022 /* LaunchScreen.storyboard in Resources */,
				432013D91FDE24AE00217022 /* Assets.xcassets in Resources */,
				432013D71FDE24AE00217022 /* Main.storyboard in Resources */,
			);
			runOnlyForDeploymentPostprocessing = 0;
		};
/* End PBXResourcesBuildPhase section */

/* Begin PBXSourcesBuildPhase section */
		432013CA1FDE24AE00217022 /* Sources */ = {
			isa = PBXSourcesBuildPhase;
			buildActionMask = 2147483647;
			files = (
				432013D41FDE24AE00217022 /* ViewController.swift in Sources */,
				432013E81FDE2A2D00217022 /* Toggleable.swift in Sources */,
				432013D21FDE24AE00217022 /* AppDelegate.swift in Sources */,
				432013E61FDE292300217022 /* SwitchStatus.swift in Sources */,
			);
			runOnlyForDeploymentPostprocessing = 0;
		};
/* End PBXSourcesBuildPhase section */

/* Begin PBXVariantGroup section */
		432013D51FDE24AE00217022 /* Main.storyboard */ = {
			isa = PBXVariantGroup;
			children = (
				432013D61FDE24AE00217022 /* Base */,
			);
			name = Main.storyboard;
			sourceTree = "<group>";
		};
		432013DA1FDE24AE00217022 /* LaunchScreen.storyboard */ = {
			isa = PBXVariantGroup;
			children = (
				432013DB1FDE24AE00217022 /* Base */,
			);
			name = LaunchScreen.storyboard;
			sourceTree = "<group>";
		};
/* End PBXVariantGroup section */

/* Begin XCBuildConfiguration section */
		432013DE1FDE24AE00217022 /* Debug */ = {
			isa = XCBuildConfiguration;
			buildSettings = {
				ALWAYS_SEARCH_USER_PATHS = NO;
				CLANG_ANALYZER_NONNULL = YES;
				CLANG_ANALYZER_NUMBER_OBJECT_CONVERSION = YES_AGGRESSIVE;
				CLANG_CXX_LANGUAGE_STANDARD = "gnu++14";
				CLANG_CXX_LIBRARY = "libc++";
				CLANG_ENABLE_MODULES = YES;
				CLANG_ENABLE_OBJC_ARC = YES;
				CLANG_WARN_BLOCK_CAPTURE_AUTORELEASING = YES;
				CLANG_WARN_BOOL_CONVERSION = YES;
				CLANG_WARN_COMMA = YES;
				CLANG_WARN_CONSTANT_CONVERSION = YES;
				CLANG_WARN_DIRECT_OBJC_ISA_USAGE = YES_ERROR;
				CLANG_WARN_DOCUMENTATION_COMMENTS = YES;
				CLANG_WARN_EMPTY_BODY = YES;
				CLANG_WARN_ENUM_CONVERSION = YES;
				CLANG_WARN_INFINITE_RECURSION = YES;
				CLANG_WARN_INT_CONVERSION = YES;
				CLANG_WARN_NON_LITERAL_NULL_CONVERSION = YES;
				CLANG_WARN_OBJC_LITERAL_CONVERSION = YES;
				CLANG_WARN_OBJC_ROOT_CLASS = YES_ERROR;
				CLANG_WARN_RANGE_LOOP_ANALYSIS = YES;
				CLANG_WARN_STRICT_PROTOTYPES = YES;
				CLANG_WARN_SUSPICIOUS_MOVE = YES;
				CLANG_WARN_UNGUARDED_AVAILABILITY = YES_AGGRESSIVE;
				CLANG_WARN_UNREACHABLE_CODE = YES;
				CLANG_WARN__DUPLICATE_METHOD_MATCH = YES;
				CODE_SIGN_IDENTITY = "iPhone Developer";
				COPY_PHASE_STRIP = NO;
				DEBUG_INFORMATION_FORMAT = dwarf;
				ENABLE_STRICT_OBJC_MSGSEND = YES;
				ENABLE_TESTABILITY = YES;
				GCC_C_LANGUAGE_STANDARD = gnu11;
				GCC_DYNAMIC_NO_PIC = NO;
				GCC_NO_COMMON_BLOCKS = YES;
				GCC_OPTIMIZATION_LEVEL = 0;
				GCC_PREPROCESSOR_DEFINITIONS = (
					"DEBUG=1",
					"$(inherited)",
				);
				GCC_WARN_64_TO_32_BIT_CONVERSION = YES;
				GCC_WARN_ABOUT_RETURN_TYPE = YES_ERROR;
				GCC_WARN_UNDECLARED_SELECTOR = YES;
				GCC_WARN_UNINITIALIZED_AUTOS = YES_AGGRESSIVE;
				GCC_WARN_UNUSED_FUNCTION = YES;
				GCC_WARN_UNUSED_VARIABLE = YES;
				IPHONEOS_DEPLOYMENT_TARGET = 11.2;
				MTL_ENABLE_DEBUG_INFO = YES;
				ONLY_ACTIVE_ARCH = YES;
				SDKROOT = iphoneos;
				SWIFT_ACTIVE_COMPILATION_CONDITIONS = DEBUG;
				SWIFT_OPTIMIZATION_LEVEL = "-Onone";
			};
			name = Debug;
		};
		432013DF1FDE24AE00217022 /* Release */ = {
			isa = XCBuildConfiguration;
			buildSettings = {
				ALWAYS_SEARCH_USER_PATHS = NO;
				CLANG_ANALYZER_NONNULL = YES;
				CLANG_ANALYZER_NUMBER_OBJECT_CONVERSION = YES_AGGRESSIVE;
				CLANG_CXX_LANGUAGE_STANDARD = "gnu++14";
				CLANG_CXX_LIBRARY = "libc++";
				CLANG_ENABLE_MODULES = YES;
				CLANG_ENABLE_OBJC_ARC = YES;
				CLANG_WARN_BLOCK_CAPTURE_AUTORELEASING = YES;
				CLANG_WARN_BOOL_CONVERSION = YES;
				CLANG_WARN_COMMA = YES;
				CLANG_WARN_CONSTANT_CONVERSION = YES;
				CLANG_WARN_DIRECT_OBJC_ISA_USAGE = YES_ERROR;
				CLANG_WARN_DOCUMENTATION_COMMENTS = YES;
				CLANG_WARN_EMPTY_BODY = YES;
				CLANG_WARN_ENUM_CONVERSION = YES;
				CLANG_WARN_INFINITE_RECURSION = YES;
				CLANG_WARN_INT_CONVERSION = YES;
				CLANG_WARN_NON_LITERAL_NULL_CONVERSION = YES;
				CLANG_WARN_OBJC_LITERAL_CONVERSION = YES;
				CLANG_WARN_OBJC_ROOT_CLASS = YES_ERROR;
				CLANG_WARN_RANGE_LOOP_ANALYSIS = YES;
				CLANG_WARN_STRICT_PROTOTYPES = YES;
				CLANG_WARN_SUSPICIOUS_MOVE = YES;
				CLANG_WARN_UNGUARDED_AVAILABILITY = YES_AGGRESSIVE;
				CLANG_WARN_UNREACHABLE_CODE = YES;
				CLANG_WARN__DUPLICATE_METHOD_MATCH = YES;
				CODE_SIGN_IDENTITY = "iPhone Developer";
				COPY_PHASE_STRIP = NO;
				DEBUG_INFORMATION_FORMAT = "dwarf-with-dsym";
				ENABLE_NS_ASSERTIONS = NO;
				ENABLE_STRICT_OBJC_MSGSEND = YES;
				GCC_C_LANGUAGE_STANDARD = gnu11;
				GCC_NO_COMMON_BLOCKS = YES;
				GCC_WARN_64_TO_32_BIT_CONVERSION = YES;
				GCC_WARN_ABOUT_RETURN_TYPE = YES_ERROR;
				GCC_WARN_UNDECLARED_SELECTOR = YES;
				GCC_WARN_UNINITIALIZED_AUTOS = YES_AGGRESSIVE;
				GCC_WARN_UNUSED_FUNCTION = YES;
				GCC_WARN_UNUSED_VARIABLE = YES;
				IPHONEOS_DEPLOYMENT_TARGET = 11.2;
				MTL_ENABLE_DEBUG_INFO = NO;
				SDKROOT = iphoneos;
				SWIFT_OPTIMIZATION_LEVEL = "-Owholemodule";
				VALIDATE_PRODUCT = YES;
			};
			name = Release;
		};
		432013E11FDE24AE00217022 /* Debug */ = {
			isa = XCBuildConfiguration;
			buildSettings = {
				ASSETCATALOG_COMPILER_APPICON_NAME = AppIcon;
				CODE_SIGN_STYLE = Automatic;
				DEVELOPMENT_TEAM = YRMU5C8C32;
				INFOPLIST_FILE = Lighthouse/Info.plist;
				LD_RUNPATH_SEARCH_PATHS = "$(inherited) @executable_path/Frameworks";
				PRODUCT_BUNDLE_IDENTIFIER = com.appybuildmore.Lighthouse;
				PRODUCT_NAME = "$(TARGET_NAME)";
				SWIFT_VERSION = 4.0;
				TARGETED_DEVICE_FAMILY = "1,2";
			};
			name = Debug;
		};
		432013E21FDE24AE00217022 /* Release */ = {
			isa = XCBuildConfiguration;
			buildSettings = {
				ASSETCATALOG_COMPILER_APPICON_NAME = AppIcon;
				CODE_SIGN_STYLE = Automatic;
				DEVELOPMENT_TEAM = YRMU5C8C32;
				INFOPLIST_FILE = Lighthouse/Info.plist;
				LD_RUNPATH_SEARCH_PATHS = "$(inherited) @executable_path/Frameworks";
				PRODUCT_BUNDLE_IDENTIFIER = com.appybuildmore.Lighthouse;
				PRODUCT_NAME = "$(TARGET_NAME)";
				SWIFT_VERSION = 4.0;
				TARGETED_DEVICE_FAMILY = "1,2";
			};
			name = Release;
		};
/* End XCBuildConfiguration section */

/* Begin XCConfigurationList section */
		432013C91FDE24AE00217022 /* Build configuration list for PBXProject "Lighthouse" */ = {
			isa = XCConfigurationList;
			buildConfigurations = (
				432013DE1FDE24AE00217022 /* Debug */,
				432013DF1FDE24AE00217022 /* Release */,
			);
			defaultConfigurationIsVisible = 0;
			defaultConfigurationName = Release;
		};
		432013E01FDE24AE00217022 /* Build configuration list for PBXNativeTarget "Lighthouse" */ = {
			isa = XCConfigurationList;
			buildConfigurations = (
				432013E11FDE24AE00217022 /* Debug */,
				432013E21FDE24AE00217022 /* Release */,
			);
			defaultConfigurationIsVisible = 0;
			defaultConfigurationName = Release;
		};
/* End XCConfigurationList section */
	};
	rootObject = 432013C61FDE24AE00217022 /* Project object */;
}
