// !$*UTF8*$!
{
	archiveVersion = 1;
	classes = {
	};
	objectVersion = 48;
	objects = {

/* Begin PBXBuildFile section */
		433CEB7F1FDD8B9800FDCC5B /* AppDelegate.swift in Sources */ = {isa = PBXBuildFile; fileRef = 433CEB7E1FDD8B9800FDCC5B /* AppDelegate.swift */; };
		433CEB811FDD8B9800FDCC5B /* ColorPresenterVC.swift in Sources */ = {isa = PBXBuildFile; fileRef = 433CEB801FDD8B9800FDCC5B /* ColorPresenterVC.swift */; };
		433CEB841FDD8B9800FDCC5B /* Main.storyboard in Resources */ = {isa = PBXBuildFile; fileRef = 433CEB821FDD8B9800FDCC5B /* Main.storyboard */; };
		433CEB861FDD8B9800FDCC5B /* Assets.xcassets in Resources */ = {isa = PBXBuildFile; fileRef = 433CEB851FDD8B9800FDCC5B /* Assets.xcassets */; };
		433CEB891FDD8B9800FDCC5B /* LaunchScreen.storyboard in Resources */ = {isa = PBXBuildFile; fileRef = 433CEB871FDD8B9800FDCC5B /* LaunchScreen.storyboard */; };
		433CEB911FDDA4C400FDCC5B /* ColorPickerVC.swift in Sources */ = {isa = PBXBuildFile; fileRef = 433CEB901FDDA4C400FDCC5B /* ColorPickerVC.swift */; };
		433CEB931FDDA87D00FDCC5B /* ColorTransferDelegate.swift in Sources */ = {isa = PBXBuildFile; fileRef = 433CEB921FDDA87D00FDCC5B /* ColorTransferDelegate.swift */; };
/* End PBXBuildFile section */

/* Begin PBXFileReference section */
		433CEB7B1FDD8B9800FDCC5B /* Color-Wizard-Magic.app */ = {isa = PBXFileReference; explicitFileType = wrapper.application; includeInIndex = 0; path = "Color-Wizard-Magic.app"; sourceTree = BUILT_PRODUCTS_DIR; };
		433CEB7E1FDD8B9800FDCC5B /* AppDelegate.swift */ = {isa = PBXFileReference; lastKnownFileType = sourcecode.swift; path = AppDelegate.swift; sourceTree = "<group>"; };
		433CEB801FDD8B9800FDCC5B /* ColorPresenterVC.swift */ = {isa = PBXFileReference; lastKnownFileType = sourcecode.swift; path = ColorPresenterVC.swift; sourceTree = "<group>"; };
		433CEB831FDD8B9800FDCC5B /* Base */ = {isa = PBXFileReference; lastKnownFileType = file.storyboard; name = Base; path = Base.lproj/Main.storyboard; sourceTree = "<group>"; };
		433CEB851FDD8B9800FDCC5B /* Assets.xcassets */ = {isa = PBXFileReference; lastKnownFileType = folder.assetcatalog; path = Assets.xcassets; sourceTree = "<group>"; };
		433CEB881FDD8B9800FDCC5B /* Base */ = {isa = PBXFileReference; lastKnownFileType = file.storyboard; name = Base; path = Base.lproj/LaunchScreen.storyboard; sourceTree = "<group>"; };
		433CEB8A1FDD8B9800FDCC5B /* Info.plist */ = {isa = PBXFileReference; lastKnownFileType = text.plist.xml; path = Info.plist; sourceTree = "<group>"; };
		433CEB901FDDA4C400FDCC5B /* ColorPickerVC.swift */ = {isa = PBXFileReference; lastKnownFileType = sourcecode.swift; path = ColorPickerVC.swift; sourceTree = "<group>"; };
		433CEB921FDDA87D00FDCC5B /* ColorTransferDelegate.swift */ = {isa = PBXFileReference; lastKnownFileType = sourcecode.swift; path = ColorTransferDelegate.swift; sourceTree = "<group>"; };
/* End PBXFileReference section */

/* Begin PBXFrameworksBuildPhase section */
		433CEB781FDD8B9800FDCC5B /* Frameworks */ = {
			isa = PBXFrameworksBuildPhase;
			buildActionMask = 2147483647;
			files = (
			);
			runOnlyForDeploymentPostprocessing = 0;
		};
/* End PBXFrameworksBuildPhase section */

/* Begin PBXGroup section */
		433CEB721FDD8B9800FDCC5B = {
			isa = PBXGroup;
			children = (
				433CEB7D1FDD8B9800FDCC5B /* Color-Wizard-Magic */,
				433CEB7C1FDD8B9800FDCC5B /* Products */,
			);
			sourceTree = "<group>";
		};
		433CEB7C1FDD8B9800FDCC5B /* Products */ = {
			isa = PBXGroup;
			children = (
				433CEB7B1FDD8B9800FDCC5B /* Color-Wizard-Magic.app */,
			);
			name = Products;
			sourceTree = "<group>";
		};
		433CEB7D1FDD8B9800FDCC5B /* Color-Wizard-Magic */ = {
			isa = PBXGroup;
			children = (
				433CEB7E1FDD8B9800FDCC5B /* AppDelegate.swift */,
				433CEB801FDD8B9800FDCC5B /* ColorPresenterVC.swift */,
				433CEB901FDDA4C400FDCC5B /* ColorPickerVC.swift */,
				433CEB921FDDA87D00FDCC5B /* ColorTransferDelegate.swift */,
				433CEB821FDD8B9800FDCC5B /* Main.storyboard */,
				433CEB851FDD8B9800FDCC5B /* Assets.xcassets */,
				433CEB871FDD8B9800FDCC5B /* LaunchScreen.storyboard */,
				433CEB8A1FDD8B9800FDCC5B /* Info.plist */,
			);
			path = "Color-Wizard-Magic";
			sourceTree = "<group>";
		};
/* End PBXGroup section */

/* Begin PBXNativeTarget section */
		433CEB7A1FDD8B9800FDCC5B /* Color-Wizard-Magic */ = {
			isa = PBXNativeTarget;
			buildConfigurationList = 433CEB8D1FDD8B9800FDCC5B /* Build configuration list for PBXNativeTarget "Color-Wizard-Magic" */;
			buildPhases = (
				433CEB771FDD8B9800FDCC5B /* Sources */,
				433CEB781FDD8B9800FDCC5B /* Frameworks */,
				433CEB791FDD8B9800FDCC5B /* Resources */,
			);
			buildRules = (
			);
			dependencies = (
			);
			name = "Color-Wizard-Magic";
			productName = "Color-Wizard-Magic";
			productReference = 433CEB7B1FDD8B9800FDCC5B /* Color-Wizard-Magic.app */;
			productType = "com.apple.product-type.application";
		};
/* End PBXNativeTarget section */

/* Begin PBXProject section */
		433CEB731FDD8B9800FDCC5B /* Project object */ = {
			isa = PBXProject;
			attributes = {
				LastSwiftUpdateCheck = 0920;
				LastUpgradeCheck = 0920;
				ORGANIZATIONNAME = "Appybuildmore Apps";
				TargetAttributes = {
					433CEB7A1FDD8B9800FDCC5B = {
						CreatedOnToolsVersion = 9.2;
						ProvisioningStyle = Automatic;
					};
				};
			};
			buildConfigurationList = 433CEB761FDD8B9800FDCC5B /* Build configuration list for PBXProject "Color-Wizard-Magic" */;
			compatibilityVersion = "Xcode 8.0";
			developmentRegion = en;
			hasScannedForEncodings = 0;
			knownRegions = (
				en,
				Base,
			);
			mainGroup = 433CEB721FDD8B9800FDCC5B;
			productRefGroup = 433CEB7C1FDD8B9800FDCC5B /* Products */;
			projectDirPath = "";
			projectRoot = "";
			targets = (
				433CEB7A1FDD8B9800FDCC5B /* Color-Wizard-Magic */,
			);
		};
/* End PBXProject section */

/* Begin PBXResourcesBuildPhase section */
		433CEB791FDD8B9800FDCC5B /* Resources */ = {
			isa = PBXResourcesBuildPhase;
			buildActionMask = 2147483647;
			files = (
				433CEB891FDD8B9800FDCC5B /* LaunchScreen.storyboard in Resources */,
				433CEB861FDD8B9800FDCC5B /* Assets.xcassets in Resources */,
				433CEB841FDD8B9800FDCC5B /* Main.storyboard in Resources */,
			);
			runOnlyForDeploymentPostprocessing = 0;
		};
/* End PBXResourcesBuildPhase section */

/* Begin PBXSourcesBuildPhase section */
		433CEB771FDD8B9800FDCC5B /* Sources */ = {
			isa = PBXSourcesBuildPhase;
			buildActionMask = 2147483647;
			files = (
				433CEB811FDD8B9800FDCC5B /* ColorPresenterVC.swift in Sources */,
				433CEB931FDDA87D00FDCC5B /* ColorTransferDelegate.swift in Sources */,
				433CEB7F1FDD8B9800FDCC5B /* AppDelegate.swift in Sources */,
				433CEB911FDDA4C400FDCC5B /* ColorPickerVC.swift in Sources */,
			);
			runOnlyForDeploymentPostprocessing = 0;
		};
/* End PBXSourcesBuildPhase section */

/* Begin PBXVariantGroup section */
		433CEB821FDD8B9800FDCC5B /* Main.storyboard */ = {
			isa = PBXVariantGroup;
			children = (
				433CEB831FDD8B9800FDCC5B /* Base */,
			);
			name = Main.storyboard;
			sourceTree = "<group>";
		};
		433CEB871FDD8B9800FDCC5B /* LaunchScreen.storyboard */ = {
			isa = PBXVariantGroup;
			children = (
				433CEB881FDD8B9800FDCC5B /* Base */,
			);
			name = LaunchScreen.storyboard;
			sourceTree = "<group>";
		};
/* End PBXVariantGroup section */

/* Begin XCBuildConfiguration section */
		433CEB8B1FDD8B9800FDCC5B /* Debug */ = {
			isa = XCBuildConfiguration;
			buildSettings = {
				ALWAYS_SEARCH_USER_PATHS = NO;
				CLANG_ANALYZER_NONNULL = YES;
				CLANG_ANALYZER_NUMBER_OBJECT_CONVERSION = YES_AGGRESSIVE;
				CLANG_CXX_LANGUAGE_STANDARD = "gnu++14";
				CLANG_CXX_LIBRARY = "libc++";
				CLANG_ENABLE_MODULES = YES;
				CLANG_ENABLE_OBJC_ARC = YES;
				CLANG_WARN_BLOCK_CAPTURE_AUTORELEASING = YES;
				CLANG_WARN_BOOL_CONVERSION = YES;
				CLANG_WARN_COMMA = YES;
				CLANG_WARN_CONSTANT_CONVERSION = YES;
				CLANG_WARN_DIRECT_OBJC_ISA_USAGE = YES_ERROR;
				CLANG_WARN_DOCUMENTATION_COMMENTS = YES;
				CLANG_WARN_EMPTY_BODY = YES;
				CLANG_WARN_ENUM_CONVERSION = YES;
				CLANG_WARN_INFINITE_RECURSION = YES;
				CLANG_WARN_INT_CONVERSION = YES;
				CLANG_WARN_NON_LITERAL_NULL_CONVERSION = YES;
				CLANG_WARN_OBJC_LITERAL_CONVERSION = YES;
				CLANG_WARN_OBJC_ROOT_CLASS = YES_ERROR;
				CLANG_WARN_RANGE_LOOP_ANALYSIS = YES;
				CLANG_WARN_STRICT_PROTOTYPES = YES;
				CLANG_WARN_SUSPICIOUS_MOVE = YES;
				CLANG_WARN_UNGUARDED_AVAILABILITY = YES_AGGRESSIVE;
				CLANG_WARN_UNREACHABLE_CODE = YES;
				CLANG_WARN__DUPLICATE_METHOD_MATCH = YES;
				CODE_SIGN_IDENTITY = "iPhone Developer";
				COPY_PHASE_STRIP = NO;
				DEBUG_INFORMATION_FORMAT = dwarf;
				ENABLE_STRICT_OBJC_MSGSEND = YES;
				ENABLE_TESTABILITY = YES;
				GCC_C_LANGUAGE_STANDARD = gnu11;
				GCC_DYNAMIC_NO_PIC = NO;
				GCC_NO_COMMON_BLOCKS = YES;
				GCC_OPTIMIZATION_LEVEL = 0;
				GCC_PREPROCESSOR_DEFINITIONS = (
					"DEBUG=1",
					"$(inherited)",
				);
				GCC_WARN_64_TO_32_BIT_CONVERSION = YES;
				GCC_WARN_ABOUT_RETURN_TYPE = YES_ERROR;
				GCC_WARN_UNDECLARED_SELECTOR = YES;
				GCC_WARN_UNINITIALIZED_AUTOS = YES_AGGRESSIVE;
				GCC_WARN_UNUSED_FUNCTION = YES;
				GCC_WARN_UNUSED_VARIABLE = YES;
				IPHONEOS_DEPLOYMENT_TARGET = 11.2;
				MTL_ENABLE_DEBUG_INFO = YES;
				ONLY_ACTIVE_ARCH = YES;
				SDKROOT = iphoneos;
				SWIFT_ACTIVE_COMPILATION_CONDITIONS = DEBUG;
				SWIFT_OPTIMIZATION_LEVEL = "-Onone";
			};
			name = Debug;
		};
		433CEB8C1FDD8B9800FDCC5B /* Release */ = {
			isa = XCBuildConfiguration;
			buildSettings = {
				ALWAYS_SEARCH_USER_PATHS = NO;
				CLANG_ANALYZER_NONNULL = YES;
				CLANG_ANALYZER_NUMBER_OBJECT_CONVERSION = YES_AGGRESSIVE;
				CLANG_CXX_LANGUAGE_STANDARD = "gnu++14";
				CLANG_CXX_LIBRARY = "libc++";
				CLANG_ENABLE_MODULES = YES;
				CLANG_ENABLE_OBJC_ARC = YES;
				CLANG_WARN_BLOCK_CAPTURE_AUTORELEASING = YES;
				CLANG_WARN_BOOL_CONVERSION = YES;
				CLANG_WARN_COMMA = YES;
				CLANG_WARN_CONSTANT_CONVERSION = YES;
				CLANG_WARN_DIRECT_OBJC_ISA_USAGE = YES_ERROR;
				CLANG_WARN_DOCUMENTATION_COMMENTS = YES;
				CLANG_WARN_EMPTY_BODY = YES;
				CLANG_WARN_ENUM_CONVERSION = YES;
				CLANG_WARN_INFINITE_RECURSION = YES;
				CLANG_WARN_INT_CONVERSION = YES;
				CLANG_WARN_NON_LITERAL_NULL_CONVERSION = YES;
				CLANG_WARN_OBJC_LITERAL_CONVERSION = YES;
				CLANG_WARN_OBJC_ROOT_CLASS = YES_ERROR;
				CLANG_WARN_RANGE_LOOP_ANALYSIS = YES;
				CLANG_WARN_STRICT_PROTOTYPES = YES;
				CLANG_WARN_SUSPICIOUS_MOVE = YES;
				CLANG_WARN_UNGUARDED_AVAILABILITY = YES_AGGRESSIVE;
				CLANG_WARN_UNREACHABLE_CODE = YES;
				CLANG_WARN__DUPLICATE_METHOD_MATCH = YES;
				CODE_SIGN_IDENTITY = "iPhone Developer";
				COPY_PHASE_STRIP = NO;
				DEBUG_INFORMATION_FORMAT = "dwarf-with-dsym";
				ENABLE_NS_ASSERTIONS = NO;
				ENABLE_STRICT_OBJC_MSGSEND = YES;
				GCC_C_LANGUAGE_STANDARD = gnu11;
				GCC_NO_COMMON_BLOCKS = YES;
				GCC_WARN_64_TO_32_BIT_CONVERSION = YES;
				GCC_WARN_ABOUT_RETURN_TYPE = YES_ERROR;
				GCC_WARN_UNDECLARED_SELECTOR = YES;
				GCC_WARN_UNINITIALIZED_AUTOS = YES_AGGRESSIVE;
				GCC_WARN_UNUSED_FUNCTION = YES;
				GCC_WARN_UNUSED_VARIABLE = YES;
				IPHONEOS_DEPLOYMENT_TARGET = 11.2;
				MTL_ENABLE_DEBUG_INFO = NO;
				SDKROOT = iphoneos;
				SWIFT_OPTIMIZATION_LEVEL = "-Owholemodule";
				VALIDATE_PRODUCT = YES;
			};
			name = Release;
		};
		433CEB8E1FDD8B9800FDCC5B /* Debug */ = {
			isa = XCBuildConfiguration;
			buildSettings = {
				ASSETCATALOG_COMPILER_APPICON_NAME = AppIcon;
				CODE_SIGN_STYLE = Automatic;
				DEVELOPMENT_TEAM = YRMU5C8C32;
				INFOPLIST_FILE = "Color-Wizard-Magic/Info.plist";
				LD_RUNPATH_SEARCH_PATHS = "$(inherited) @executable_path/Frameworks";
				PRODUCT_BUNDLE_IDENTIFIER = "com.appybuildmore.Color-Wizard-Magic";
				PRODUCT_NAME = "$(TARGET_NAME)";
				SWIFT_VERSION = 4.0;
				TARGETED_DEVICE_FAMILY = "1,2";
			};
			name = Debug;
		};
		433CEB8F1FDD8B9800FDCC5B /* Release */ = {
			isa = XCBuildConfiguration;
			buildSettings = {
				ASSETCATALOG_COMPILER_APPICON_NAME = AppIcon;
				CODE_SIGN_STYLE = Automatic;
				DEVELOPMENT_TEAM = YRMU5C8C32;
				INFOPLIST_FILE = "Color-Wizard-Magic/Info.plist";
				LD_RUNPATH_SEARCH_PATHS = "$(inherited) @executable_path/Frameworks";
				PRODUCT_BUNDLE_IDENTIFIER = "com.appybuildmore.Color-Wizard-Magic";
				PRODUCT_NAME = "$(TARGET_NAME)";
				SWIFT_VERSION = 4.0;
				TARGETED_DEVICE_FAMILY = "1,2";
			};
			name = Release;
		};
/* End XCBuildConfiguration section */

/* Begin XCConfigurationList section */
		433CEB761FDD8B9800FDCC5B /* Build configuration list for PBXProject "Color-Wizard-Magic" */ = {
			isa = XCConfigurationList;
			buildConfigurations = (
				433CEB8B1FDD8B9800FDCC5B /* Debug */,
				433CEB8C1FDD8B9800FDCC5B /* Release */,
			);
			defaultConfigurationIsVisible = 0;
			defaultConfigurationName = Release;
		};
		433CEB8D1FDD8B9800FDCC5B /* Build configuration list for PBXNativeTarget "Color-Wizard-Magic" */ = {
			isa = XCConfigurationList;
			buildConfigurations = (
				433CEB8E1FDD8B9800FDCC5B /* Debug */,
				433CEB8F1FDD8B9800FDCC5B /* Release */,
			);
			defaultConfigurationIsVisible = 0;
			defaultConfigurationName = Release;
		};
/* End XCConfigurationList section */
	};
	rootObject = 433CEB731FDD8B9800FDCC5B /* Project object */;
}
